
Microsoft Visual Studio Solution File, Format Version 12.00
# Visual Studio 15
VisualStudioVersion = 15.0.28010.2046
MinimumVisualStudioVersion = 10.0.40219.1
Project("{FAE04EC0-301F-11D3-BF4B-00C04F79EFBC}") = "MyManga.Test", "MyManga.Test\MyManga.Test.csproj", "{E0F358DF-9BD8-4FE1-92B2-FFD965467157}"
EndProject
Project("{FAE04EC0-301F-11D3-BF4B-00C04F79EFBC}") = "InMangaModels", "InMangaModels\InMangaModels.csproj", "{A7F68C65-81DA-42D4-B051-C76F1A56797D}"
EndProject
Project("{FAE04EC0-301F-11D3-BF4B-00C04F79EFBC}") = "MyManga.Android", "MyManga\MyManga.Android\MyManga.Android.csproj", "{AB37B149-A9C9-447F-823B-06BFF89DD400}"
EndProject
Project("{FAE04EC0-301F-11D3-BF4B-00C04F79EFBC}") = "MyManga.iOS", "MyManga\MyManga.iOS\MyManga.iOS.csproj", "{C845F6E2-7962-4CC5-9918-E044174048C6}"
EndProject
Project("{FAE04EC0-301F-11D3-BF4B-00C04F79EFBC}") = "MyManga.UWP", "MyManga\MyManga.UWP\MyManga.UWP.csproj", "{F6D788F0-47E2-45B7-9F8D-3AC36C11CA20}"
EndProject
Project("{FAE04EC0-301F-11D3-BF4B-00C04F79EFBC}") = "MyManga", "MyManga\MyManga\MyManga.csproj", "{A6D8871F-D5DE-4F41-9735-9EAA2A3E4286}"
EndProject
Global
	GlobalSection(SolutionConfigurationPlatforms) = preSolution
		Ad-Hoc|Any CPU = Ad-Hoc|Any CPU
		Ad-Hoc|ARM = Ad-Hoc|ARM
		Ad-Hoc|iPhone = Ad-Hoc|iPhone
		Ad-Hoc|iPhoneSimulator = Ad-Hoc|iPhoneSimulator
		Ad-Hoc|x64 = Ad-Hoc|x64
		Ad-Hoc|x86 = Ad-Hoc|x86
		AppStore|Any CPU = AppStore|Any CPU
		AppStore|ARM = AppStore|ARM
		AppStore|iPhone = AppStore|iPhone
		AppStore|iPhoneSimulator = AppStore|iPhoneSimulator
		AppStore|x64 = AppStore|x64
		AppStore|x86 = AppStore|x86
		Debug|Any CPU = Debug|Any CPU
		Debug|ARM = Debug|ARM
		Debug|iPhone = Debug|iPhone
		Debug|iPhoneSimulator = Debug|iPhoneSimulator
		Debug|x64 = Debug|x64
		Debug|x86 = Debug|x86
		Release|Any CPU = Release|Any CPU
		Release|ARM = Release|ARM
		Release|iPhone = Release|iPhone
		Release|iPhoneSimulator = Release|iPhoneSimulator
		Release|x64 = Release|x64
		Release|x86 = Release|x86
	EndGlobalSection
	GlobalSection(ProjectConfigurationPlatforms) = postSolution
		{E0F358DF-9BD8-4FE1-92B2-FFD965467157}.Ad-Hoc|Any CPU.ActiveCfg = Debug|Any CPU
		{E0F358DF-9BD8-4FE1-92B2-FFD965467157}.Ad-Hoc|Any CPU.Build.0 = Debug|Any CPU
		{E0F358DF-9BD8-4FE1-92B2-FFD965467157}.Ad-Hoc|ARM.ActiveCfg = Debug|Any CPU
		{E0F358DF-9BD8-4FE1-92B2-FFD965467157}.Ad-Hoc|ARM.Build.0 = Debug|Any CPU
		{E0F358DF-9BD8-4FE1-92B2-FFD965467157}.Ad-Hoc|iPhone.ActiveCfg = Debug|Any CPU
		{E0F358DF-9BD8-4FE1-92B2-FFD965467157}.Ad-Hoc|iPhone.Build.0 = Debug|Any CPU
		{E0F358DF-9BD8-4FE1-92B2-FFD965467157}.Ad-Hoc|iPhoneSimulator.ActiveCfg = Debug|Any CPU
		{E0F358DF-9BD8-4FE1-92B2-FFD965467157}.Ad-Hoc|iPhoneSimulator.Build.0 = Debug|Any CPU
		{E0F358DF-9BD8-4FE1-92B2-FFD965467157}.Ad-Hoc|x64.ActiveCfg = Debug|Any CPU
		{E0F358DF-9BD8-4FE1-92B2-FFD965467157}.Ad-Hoc|x64.Build.0 = Debug|Any CPU
		{E0F358DF-9BD8-4FE1-92B2-FFD965467157}.Ad-Hoc|x86.ActiveCfg = Debug|Any CPU
		{E0F358DF-9BD8-4FE1-92B2-FFD965467157}.Ad-Hoc|x86.Build.0 = Debug|Any CPU
		{E0F358DF-9BD8-4FE1-92B2-FFD965467157}.AppStore|Any CPU.ActiveCfg = Debug|Any CPU
		{E0F358DF-9BD8-4FE1-92B2-FFD965467157}.AppStore|Any CPU.Build.0 = Debug|Any CPU
		{E0F358DF-9BD8-4FE1-92B2-FFD965467157}.AppStore|ARM.ActiveCfg = Debug|Any CPU
		{E0F358DF-9BD8-4FE1-92B2-FFD965467157}.AppStore|ARM.Build.0 = Debug|Any CPU
		{E0F358DF-9BD8-4FE1-92B2-FFD965467157}.AppStore|iPhone.ActiveCfg = Debug|Any CPU
		{E0F358DF-9BD8-4FE1-92B2-FFD965467157}.AppStore|iPhone.Build.0 = Debug|Any CPU
		{E0F358DF-9BD8-4FE1-92B2-FFD965467157}.AppStore|iPhoneSimulator.ActiveCfg = Debug|Any CPU
		{E0F358DF-9BD8-4FE1-92B2-FFD965467157}.AppStore|iPhoneSimulator.Build.0 = Debug|Any CPU
		{E0F358DF-9BD8-4FE1-92B2-FFD965467157}.AppStore|x64.ActiveCfg = Debug|Any CPU
		{E0F358DF-9BD8-4FE1-92B2-FFD965467157}.AppStore|x64.Build.0 = Debug|Any CPU
		{E0F358DF-9BD8-4FE1-92B2-FFD965467157}.AppStore|x86.ActiveCfg = Debug|Any CPU
		{E0F358DF-9BD8-4FE1-92B2-FFD965467157}.AppStore|x86.Build.0 = Debug|Any CPU
		{E0F358DF-9BD8-4FE1-92B2-FFD965467157}.Debug|Any CPU.ActiveCfg = Debug|Any CPU
		{E0F358DF-9BD8-4FE1-92B2-FFD965467157}.Debug|Any CPU.Build.0 = Debug|Any CPU
		{E0F358DF-9BD8-4FE1-92B2-FFD965467157}.Debug|ARM.ActiveCfg = Debug|Any CPU
		{E0F358DF-9BD8-4FE1-92B2-FFD965467157}.Debug|ARM.Build.0 = Debug|Any CPU
		{E0F358DF-9BD8-4FE1-92B2-FFD965467157}.Debug|iPhone.ActiveCfg = Debug|Any CPU
		{E0F358DF-9BD8-4FE1-92B2-FFD965467157}.Debug|iPhone.Build.0 = Debug|Any CPU
		{E0F358DF-9BD8-4FE1-92B2-FFD965467157}.Debug|iPhoneSimulator.ActiveCfg = Debug|Any CPU
		{E0F358DF-9BD8-4FE1-92B2-FFD965467157}.Debug|iPhoneSimulator.Build.0 = Debug|Any CPU
		{E0F358DF-9BD8-4FE1-92B2-FFD965467157}.Debug|x64.ActiveCfg = Debug|Any CPU
		{E0F358DF-9BD8-4FE1-92B2-FFD965467157}.Debug|x64.Build.0 = Debug|Any CPU
		{E0F358DF-9BD8-4FE1-92B2-FFD965467157}.Debug|x86.ActiveCfg = Debug|Any CPU
		{E0F358DF-9BD8-4FE1-92B2-FFD965467157}.Debug|x86.Build.0 = Debug|Any CPU
		{E0F358DF-9BD8-4FE1-92B2-FFD965467157}.Release|Any CPU.ActiveCfg = Release|Any CPU
		{E0F358DF-9BD8-4FE1-92B2-FFD965467157}.Release|Any CPU.Build.0 = Release|Any CPU
		{E0F358DF-9BD8-4FE1-92B2-FFD965467157}.Release|ARM.ActiveCfg = Release|Any CPU
		{E0F358DF-9BD8-4FE1-92B2-FFD965467157}.Release|ARM.Build.0 = Release|Any CPU
		{E0F358DF-9BD8-4FE1-92B2-FFD965467157}.Release|iPhone.ActiveCfg = Release|Any CPU
		{E0F358DF-9BD8-4FE1-92B2-FFD965467157}.Release|iPhone.Build.0 = Release|Any CPU
		{E0F358DF-9BD8-4FE1-92B2-FFD965467157}.Release|iPhoneSimulator.ActiveCfg = Release|Any CPU
		{E0F358DF-9BD8-4FE1-92B2-FFD965467157}.Release|iPhoneSimulator.Build.0 = Release|Any CPU
		{E0F358DF-9BD8-4FE1-92B2-FFD965467157}.Release|x64.ActiveCfg = Release|Any CPU
		{E0F358DF-9BD8-4FE1-92B2-FFD965467157}.Release|x64.Build.0 = Release|Any CPU
		{E0F358DF-9BD8-4FE1-92B2-FFD965467157}.Release|x86.ActiveCfg = Release|Any CPU
		{E0F358DF-9BD8-4FE1-92B2-FFD965467157}.Release|x86.Build.0 = Release|Any CPU
		{A7F68C65-81DA-42D4-B051-C76F1A56797D}.Ad-Hoc|Any CPU.ActiveCfg = Debug|Any CPU
		{A7F68C65-81DA-42D4-B051-C76F1A56797D}.Ad-Hoc|Any CPU.Build.0 = Debug|Any CPU
		{A7F68C65-81DA-42D4-B051-C76F1A56797D}.Ad-Hoc|ARM.ActiveCfg = Debug|Any CPU
		{A7F68C65-81DA-42D4-B051-C76F1A56797D}.Ad-Hoc|ARM.Build.0 = Debug|Any CPU
		{A7F68C65-81DA-42D4-B051-C76F1A56797D}.Ad-Hoc|iPhone.ActiveCfg = Debug|Any CPU
		{A7F68C65-81DA-42D4-B051-C76F1A56797D}.Ad-Hoc|iPhone.Build.0 = Debug|Any CPU
		{A7F68C65-81DA-42D4-B051-C76F1A56797D}.Ad-Hoc|iPhoneSimulator.ActiveCfg = Debug|Any CPU
		{A7F68C65-81DA-42D4-B051-C76F1A56797D}.Ad-Hoc|iPhoneSimulator.Build.0 = Debug|Any CPU
		{A7F68C65-81DA-42D4-B051-C76F1A56797D}.Ad-Hoc|x64.ActiveCfg = Debug|Any CPU
		{A7F68C65-81DA-42D4-B051-C76F1A56797D}.Ad-Hoc|x64.Build.0 = Debug|Any CPU
		{A7F68C65-81DA-42D4-B051-C76F1A56797D}.Ad-Hoc|x86.ActiveCfg = Debug|Any CPU
		{A7F68C65-81DA-42D4-B051-C76F1A56797D}.Ad-Hoc|x86.Build.0 = Debug|Any CPU
		{A7F68C65-81DA-42D4-B051-C76F1A56797D}.AppStore|Any CPU.ActiveCfg = Debug|Any CPU
		{A7F68C65-81DA-42D4-B051-C76F1A56797D}.AppStore|Any CPU.Build.0 = Debug|Any CPU
		{A7F68C65-81DA-42D4-B051-C76F1A56797D}.AppStore|ARM.ActiveCfg = Debug|Any CPU
		{A7F68C65-81DA-42D4-B051-C76F1A56797D}.AppStore|ARM.Build.0 = Debug|Any CPU
		{A7F68C65-81DA-42D4-B051-C76F1A56797D}.AppStore|iPhone.ActiveCfg = Debug|Any CPU
		{A7F68C65-81DA-42D4-B051-C76F1A56797D}.AppStore|iPhone.Build.0 = Debug|Any CPU
		{A7F68C65-81DA-42D4-B051-C76F1A56797D}.AppStore|iPhoneSimulator.ActiveCfg = Debug|Any CPU
		{A7F68C65-81DA-42D4-B051-C76F1A56797D}.AppStore|iPhoneSimulator.Build.0 = Debug|Any CPU
		{A7F68C65-81DA-42D4-B051-C76F1A56797D}.AppStore|x64.ActiveCfg = Debug|Any CPU
		{A7F68C65-81DA-42D4-B051-C76F1A56797D}.AppStore|x64.Build.0 = Debug|Any CPU
		{A7F68C65-81DA-42D4-B051-C76F1A56797D}.AppStore|x86.ActiveCfg = Debug|Any CPU
		{A7F68C65-81DA-42D4-B051-C76F1A56797D}.AppStore|x86.Build.0 = Debug|Any CPU
		{A7F68C65-81DA-42D4-B051-C76F1A56797D}.Debug|Any CPU.ActiveCfg = Debug|Any CPU
		{A7F68C65-81DA-42D4-B051-C76F1A56797D}.Debug|Any CPU.Build.0 = Debug|Any CPU
		{A7F68C65-81DA-42D4-B051-C76F1A56797D}.Debug|ARM.ActiveCfg = Debug|Any CPU
		{A7F68C65-81DA-42D4-B051-C76F1A56797D}.Debug|ARM.Build.0 = Debug|Any CPU
		{A7F68C65-81DA-42D4-B051-C76F1A56797D}.Debug|iPhone.ActiveCfg = Debug|Any CPU
		{A7F68C65-81DA-42D4-B051-C76F1A56797D}.Debug|iPhone.Build.0 = Debug|Any CPU
		{A7F68C65-81DA-42D4-B051-C76F1A56797D}.Debug|iPhoneSimulator.ActiveCfg = Debug|Any CPU
		{A7F68C65-81DA-42D4-B051-C76F1A56797D}.Debug|iPhoneSimulator.Build.0 = Debug|Any CPU
		{A7F68C65-81DA-42D4-B051-C76F1A56797D}.Debug|x64.ActiveCfg = Debug|Any CPU
		{A7F68C65-81DA-42D4-B051-C76F1A56797D}.Debug|x64.Build.0 = Debug|Any CPU
		{A7F68C65-81DA-42D4-B051-C76F1A56797D}.Debug|x86.ActiveCfg = Debug|Any CPU
		{A7F68C65-81DA-42D4-B051-C76F1A56797D}.Debug|x86.Build.0 = Debug|Any CPU
		{A7F68C65-81DA-42D4-B051-C76F1A56797D}.Release|Any CPU.ActiveCfg = Release|Any CPU
		{A7F68C65-81DA-42D4-B051-C76F1A56797D}.Release|Any CPU.Build.0 = Release|Any CPU
		{A7F68C65-81DA-42D4-B051-C76F1A56797D}.Release|ARM.ActiveCfg = Release|Any CPU
		{A7F68C65-81DA-42D4-B051-C76F1A56797D}.Release|ARM.Build.0 = Release|Any CPU
		{A7F68C65-81DA-42D4-B051-C76F1A56797D}.Release|iPhone.ActiveCfg = Release|Any CPU
		{A7F68C65-81DA-42D4-B051-C76F1A56797D}.Release|iPhone.Build.0 = Release|Any CPU
		{A7F68C65-81DA-42D4-B051-C76F1A56797D}.Release|iPhoneSimulator.ActiveCfg = Release|Any CPU
		{A7F68C65-81DA-42D4-B051-C76F1A56797D}.Release|iPhoneSimulator.Build.0 = Release|Any CPU
		{A7F68C65-81DA-42D4-B051-C76F1A56797D}.Release|x64.ActiveCfg = Release|Any CPU
		{A7F68C65-81DA-42D4-B051-C76F1A56797D}.Release|x64.Build.0 = Release|Any CPU
		{A7F68C65-81DA-42D4-B051-C76F1A56797D}.Release|x86.ActiveCfg = Release|Any CPU
		{A7F68C65-81DA-42D4-B051-C76F1A56797D}.Release|x86.Build.0 = Release|Any CPU
		{AB37B149-A9C9-447F-823B-06BFF89DD400}.Ad-Hoc|Any CPU.ActiveCfg = Release|Any CPU
		{AB37B149-A9C9-447F-823B-06BFF89DD400}.Ad-Hoc|Any CPU.Build.0 = Release|Any CPU
		{AB37B149-A9C9-447F-823B-06BFF89DD400}.Ad-Hoc|Any CPU.Deploy.0 = Release|Any CPU
		{AB37B149-A9C9-447F-823B-06BFF89DD400}.Ad-Hoc|ARM.ActiveCfg = Release|Any CPU
		{AB37B149-A9C9-447F-823B-06BFF89DD400}.Ad-Hoc|ARM.Build.0 = Release|Any CPU
		{AB37B149-A9C9-447F-823B-06BFF89DD400}.Ad-Hoc|ARM.Deploy.0 = Release|Any CPU
		{AB37B149-A9C9-447F-823B-06BFF89DD400}.Ad-Hoc|iPhone.ActiveCfg = Release|Any CPU
		{AB37B149-A9C9-447F-823B-06BFF89DD400}.Ad-Hoc|iPhone.Build.0 = Release|Any CPU
		{AB37B149-A9C9-447F-823B-06BFF89DD400}.Ad-Hoc|iPhone.Deploy.0 = Release|Any CPU
		{AB37B149-A9C9-447F-823B-06BFF89DD400}.Ad-Hoc|iPhoneSimulator.ActiveCfg = Release|Any CPU
		{AB37B149-A9C9-447F-823B-06BFF89DD400}.Ad-Hoc|iPhoneSimulator.Build.0 = Release|Any CPU
		{AB37B149-A9C9-447F-823B-06BFF89DD400}.Ad-Hoc|iPhoneSimulator.Deploy.0 = Release|Any CPU
		{AB37B149-A9C9-447F-823B-06BFF89DD400}.Ad-Hoc|x64.ActiveCfg = Release|Any CPU
		{AB37B149-A9C9-447F-823B-06BFF89DD400}.Ad-Hoc|x64.Build.0 = Release|Any CPU
		{AB37B149-A9C9-447F-823B-06BFF89DD400}.Ad-Hoc|x64.Deploy.0 = Release|Any CPU
		{AB37B149-A9C9-447F-823B-06BFF89DD400}.Ad-Hoc|x86.ActiveCfg = Release|Any CPU
		{AB37B149-A9C9-447F-823B-06BFF89DD400}.Ad-Hoc|x86.Build.0 = Release|Any CPU
		{AB37B149-A9C9-447F-823B-06BFF89DD400}.Ad-Hoc|x86.Deploy.0 = Release|Any CPU
		{AB37B149-A9C9-447F-823B-06BFF89DD400}.AppStore|Any CPU.ActiveCfg = Release|Any CPU
		{AB37B149-A9C9-447F-823B-06BFF89DD400}.AppStore|Any CPU.Build.0 = Release|Any CPU
		{AB37B149-A9C9-447F-823B-06BFF89DD400}.AppStore|Any CPU.Deploy.0 = Release|Any CPU
		{AB37B149-A9C9-447F-823B-06BFF89DD400}.AppStore|ARM.ActiveCfg = Release|Any CPU
		{AB37B149-A9C9-447F-823B-06BFF89DD400}.AppStore|ARM.Build.0 = Release|Any CPU
		{AB37B149-A9C9-447F-823B-06BFF89DD400}.AppStore|ARM.Deploy.0 = Release|Any CPU
		{AB37B149-A9C9-447F-823B-06BFF89DD400}.AppStore|iPhone.ActiveCfg = Release|Any CPU
		{AB37B149-A9C9-447F-823B-06BFF89DD400}.AppStore|iPhone.Build.0 = Release|Any CPU
		{AB37B149-A9C9-447F-823B-06BFF89DD400}.AppStore|iPhone.Deploy.0 = Release|Any CPU
		{AB37B149-A9C9-447F-823B-06BFF89DD400}.AppStore|iPhoneSimulator.ActiveCfg = Release|Any CPU
		{AB37B149-A9C9-447F-823B-06BFF89DD400}.AppStore|iPhoneSimulator.Build.0 = Release|Any CPU
		{AB37B149-A9C9-447F-823B-06BFF89DD400}.AppStore|iPhoneSimulator.Deploy.0 = Release|Any CPU
		{AB37B149-A9C9-447F-823B-06BFF89DD400}.AppStore|x64.ActiveCfg = Release|Any CPU
		{AB37B149-A9C9-447F-823B-06BFF89DD400}.AppStore|x64.Build.0 = Release|Any CPU
		{AB37B149-A9C9-447F-823B-06BFF89DD400}.AppStore|x64.Deploy.0 = Release|Any CPU
		{AB37B149-A9C9-447F-823B-06BFF89DD400}.AppStore|x86.ActiveCfg = Release|Any CPU
		{AB37B149-A9C9-447F-823B-06BFF89DD400}.AppStore|x86.Build.0 = Release|Any CPU
		{AB37B149-A9C9-447F-823B-06BFF89DD400}.AppStore|x86.Deploy.0 = Release|Any CPU
		{AB37B149-A9C9-447F-823B-06BFF89DD400}.Debug|Any CPU.ActiveCfg = Debug|Any CPU
		{AB37B149-A9C9-447F-823B-06BFF89DD400}.Debug|Any CPU.Build.0 = Debug|Any CPU
		{AB37B149-A9C9-447F-823B-06BFF89DD400}.Debug|Any CPU.Deploy.0 = Debug|Any CPU
		{AB37B149-A9C9-447F-823B-06BFF89DD400}.Debug|ARM.ActiveCfg = Debug|Any CPU
		{AB37B149-A9C9-447F-823B-06BFF89DD400}.Debug|ARM.Build.0 = Debug|Any CPU
		{AB37B149-A9C9-447F-823B-06BFF89DD400}.Debug|ARM.Deploy.0 = Debug|Any CPU
		{AB37B149-A9C9-447F-823B-06BFF89DD400}.Debug|iPhone.ActiveCfg = Debug|Any CPU
		{AB37B149-A9C9-447F-823B-06BFF89DD400}.Debug|iPhone.Build.0 = Debug|Any CPU
		{AB37B149-A9C9-447F-823B-06BFF89DD400}.Debug|iPhone.Deploy.0 = Debug|Any CPU
		{AB37B149-A9C9-447F-823B-06BFF89DD400}.Debug|iPhoneSimulator.ActiveCfg = Debug|Any CPU
		{AB37B149-A9C9-447F-823B-06BFF89DD400}.Debug|iPhoneSimulator.Build.0 = Debug|Any CPU
		{AB37B149-A9C9-447F-823B-06BFF89DD400}.Debug|iPhoneSimulator.Deploy.0 = Debug|Any CPU
		{AB37B149-A9C9-447F-823B-06BFF89DD400}.Debug|x64.ActiveCfg = Debug|Any CPU
		{AB37B149-A9C9-447F-823B-06BFF89DD400}.Debug|x64.Build.0 = Debug|Any CPU
		{AB37B149-A9C9-447F-823B-06BFF89DD400}.Debug|x64.Deploy.0 = Debug|Any CPU
		{AB37B149-A9C9-447F-823B-06BFF89DD400}.Debug|x86.ActiveCfg = Debug|Any CPU
		{AB37B149-A9C9-447F-823B-06BFF89DD400}.Debug|x86.Build.0 = Debug|Any CPU
		{AB37B149-A9C9-447F-823B-06BFF89DD400}.Debug|x86.Deploy.0 = Debug|Any CPU
		{AB37B149-A9C9-447F-823B-06BFF89DD400}.Release|Any CPU.ActiveCfg = Release|Any CPU
		{AB37B149-A9C9-447F-823B-06BFF89DD400}.Release|Any CPU.Build.0 = Release|Any CPU
		{AB37B149-A9C9-447F-823B-06BFF89DD400}.Release|Any CPU.Deploy.0 = Release|Any CPU
		{AB37B149-A9C9-447F-823B-06BFF89DD400}.Release|ARM.ActiveCfg = Release|Any CPU
		{AB37B149-A9C9-447F-823B-06BFF89DD400}.Release|ARM.Build.0 = Release|Any CPU
		{AB37B149-A9C9-447F-823B-06BFF89DD400}.Release|ARM.Deploy.0 = Release|Any CPU
		{AB37B149-A9C9-447F-823B-06BFF89DD400}.Release|iPhone.ActiveCfg = Release|Any CPU
		{AB37B149-A9C9-447F-823B-06BFF89DD400}.Release|iPhone.Build.0 = Release|Any CPU
		{AB37B149-A9C9-447F-823B-06BFF89DD400}.Release|iPhone.Deploy.0 = Release|Any CPU
		{AB37B149-A9C9-447F-823B-06BFF89DD400}.Release|iPhoneSimulator.ActiveCfg = Release|Any CPU
		{AB37B149-A9C9-447F-823B-06BFF89DD400}.Release|iPhoneSimulator.Build.0 = Release|Any CPU
		{AB37B149-A9C9-447F-823B-06BFF89DD400}.Release|iPhoneSimulator.Deploy.0 = Release|Any CPU
		{AB37B149-A9C9-447F-823B-06BFF89DD400}.Release|x64.ActiveCfg = Release|Any CPU
		{AB37B149-A9C9-447F-823B-06BFF89DD400}.Release|x64.Build.0 = Release|Any CPU
		{AB37B149-A9C9-447F-823B-06BFF89DD400}.Release|x64.Deploy.0 = Release|Any CPU
		{AB37B149-A9C9-447F-823B-06BFF89DD400}.Release|x86.ActiveCfg = Release|Any CPU
		{AB37B149-A9C9-447F-823B-06BFF89DD400}.Release|x86.Build.0 = Release|Any CPU
		{AB37B149-A9C9-447F-823B-06BFF89DD400}.Release|x86.Deploy.0 = Release|Any CPU
		{C845F6E2-7962-4CC5-9918-E044174048C6}.Ad-Hoc|Any CPU.ActiveCfg = Ad-Hoc|iPhone
		{C845F6E2-7962-4CC5-9918-E044174048C6}.Ad-Hoc|ARM.ActiveCfg = Ad-Hoc|iPhone
		{C845F6E2-7962-4CC5-9918-E044174048C6}.Ad-Hoc|iPhone.ActiveCfg = Ad-Hoc|iPhone
		{C845F6E2-7962-4CC5-9918-E044174048C6}.Ad-Hoc|iPhone.Build.0 = Ad-Hoc|iPhone
		{C845F6E2-7962-4CC5-9918-E044174048C6}.Ad-Hoc|iPhoneSimulator.ActiveCfg = Ad-Hoc|iPhoneSimulator
		{C845F6E2-7962-4CC5-9918-E044174048C6}.Ad-Hoc|iPhoneSimulator.Build.0 = Ad-Hoc|iPhoneSimulator
		{C845F6E2-7962-4CC5-9918-E044174048C6}.Ad-Hoc|x64.ActiveCfg = Ad-Hoc|iPhone
		{C845F6E2-7962-4CC5-9918-E044174048C6}.Ad-Hoc|x86.ActiveCfg = Ad-Hoc|iPhone
		{C845F6E2-7962-4CC5-9918-E044174048C6}.AppStore|Any CPU.ActiveCfg = AppStore|iPhone
		{C845F6E2-7962-4CC5-9918-E044174048C6}.AppStore|ARM.ActiveCfg = AppStore|iPhone
		{C845F6E2-7962-4CC5-9918-E044174048C6}.AppStore|iPhone.ActiveCfg = AppStore|iPhone
		{C845F6E2-7962-4CC5-9918-E044174048C6}.AppStore|iPhone.Build.0 = AppStore|iPhone
		{C845F6E2-7962-4CC5-9918-E044174048C6}.AppStore|iPhoneSimulator.ActiveCfg = AppStore|iPhoneSimulator
		{C845F6E2-7962-4CC5-9918-E044174048C6}.AppStore|iPhoneSimulator.Build.0 = AppStore|iPhoneSimulator
		{C845F6E2-7962-4CC5-9918-E044174048C6}.AppStore|x64.ActiveCfg = AppStore|iPhone
		{C845F6E2-7962-4CC5-9918-E044174048C6}.AppStore|x86.ActiveCfg = AppStore|iPhone
		{C845F6E2-7962-4CC5-9918-E044174048C6}.Debug|Any CPU.ActiveCfg = Debug|iPhone
		{C845F6E2-7962-4CC5-9918-E044174048C6}.Debug|ARM.ActiveCfg = Debug|iPhone
		{C845F6E2-7962-4CC5-9918-E044174048C6}.Debug|iPhone.ActiveCfg = Debug|iPhone
		{C845F6E2-7962-4CC5-9918-E044174048C6}.Debug|iPhone.Build.0 = Debug|iPhone
		{C845F6E2-7962-4CC5-9918-E044174048C6}.Debug|iPhoneSimulator.ActiveCfg = Debug|iPhoneSimulator
		{C845F6E2-7962-4CC5-9918-E044174048C6}.Debug|iPhoneSimulator.Build.0 = Debug|iPhoneSimulator
		{C845F6E2-7962-4CC5-9918-E044174048C6}.Debug|x64.ActiveCfg = Debug|iPhone
		{C845F6E2-7962-4CC5-9918-E044174048C6}.Debug|x86.ActiveCfg = Debug|iPhone
		{C845F6E2-7962-4CC5-9918-E044174048C6}.Release|Any CPU.ActiveCfg = Release|iPhone
		{C845F6E2-7962-4CC5-9918-E044174048C6}.Release|ARM.ActiveCfg = Release|iPhone
		{C845F6E2-7962-4CC5-9918-E044174048C6}.Release|iPhone.ActiveCfg = Release|iPhone
		{C845F6E2-7962-4CC5-9918-E044174048C6}.Release|iPhone.Build.0 = Release|iPhone
		{C845F6E2-7962-4CC5-9918-E044174048C6}.Release|iPhoneSimulator.ActiveCfg = Release|iPhoneSimulator
		{C845F6E2-7962-4CC5-9918-E044174048C6}.Release|iPhoneSimulator.Build.0 = Release|iPhoneSimulator
		{C845F6E2-7962-4CC5-9918-E044174048C6}.Release|x64.ActiveCfg = Release|iPhone
		{C845F6E2-7962-4CC5-9918-E044174048C6}.Release|x86.ActiveCfg = Release|iPhone
		{F6D788F0-47E2-45B7-9F8D-3AC36C11CA20}.Ad-Hoc|Any CPU.ActiveCfg = Release|x86
		{F6D788F0-47E2-45B7-9F8D-3AC36C11CA20}.Ad-Hoc|Any CPU.Build.0 = Release|x86
		{F6D788F0-47E2-45B7-9F8D-3AC36C11CA20}.Ad-Hoc|Any CPU.Deploy.0 = Release|x86
		{F6D788F0-47E2-45B7-9F8D-3AC36C11CA20}.Ad-Hoc|ARM.ActiveCfg = Release|ARM
		{F6D788F0-47E2-45B7-9F8D-3AC36C11CA20}.Ad-Hoc|ARM.Build.0 = Release|ARM
		{F6D788F0-47E2-45B7-9F8D-3AC36C11CA20}.Ad-Hoc|ARM.Deploy.0 = Release|ARM
		{F6D788F0-47E2-45B7-9F8D-3AC36C11CA20}.Ad-Hoc|iPhone.ActiveCfg = Release|x86
		{F6D788F0-47E2-45B7-9F8D-3AC36C11CA20}.Ad-Hoc|iPhone.Build.0 = Release|x86
		{F6D788F0-47E2-45B7-9F8D-3AC36C11CA20}.Ad-Hoc|iPhone.Deploy.0 = Release|x86
		{F6D788F0-47E2-45B7-9F8D-3AC36C11CA20}.Ad-Hoc|iPhoneSimulator.ActiveCfg = Release|x86
		{F6D788F0-47E2-45B7-9F8D-3AC36C11CA20}.Ad-Hoc|iPhoneSimulator.Build.0 = Release|x86
		{F6D788F0-47E2-45B7-9F8D-3AC36C11CA20}.Ad-Hoc|iPhoneSimulator.Deploy.0 = Release|x86
		{F6D788F0-47E2-45B7-9F8D-3AC36C11CA20}.Ad-Hoc|x64.ActiveCfg = Release|x64
		{F6D788F0-47E2-45B7-9F8D-3AC36C11CA20}.Ad-Hoc|x64.Build.0 = Release|x64
		{F6D788F0-47E2-45B7-9F8D-3AC36C11CA20}.Ad-Hoc|x64.Deploy.0 = Release|x64
		{F6D788F0-47E2-45B7-9F8D-3AC36C11CA20}.Ad-Hoc|x86.ActiveCfg = Release|x86
		{F6D788F0-47E2-45B7-9F8D-3AC36C11CA20}.Ad-Hoc|x86.Build.0 = Release|x86
		{F6D788F0-47E2-45B7-9F8D-3AC36C11CA20}.Ad-Hoc|x86.Deploy.0 = Release|x86
		{F6D788F0-47E2-45B7-9F8D-3AC36C11CA20}.AppStore|Any CPU.ActiveCfg = Release|x86
		{F6D788F0-47E2-45B7-9F8D-3AC36C11CA20}.AppStore|Any CPU.Build.0 = Release|x86
		{F6D788F0-47E2-45B7-9F8D-3AC36C11CA20}.AppStore|Any CPU.Deploy.0 = Release|x86
		{F6D788F0-47E2-45B7-9F8D-3AC36C11CA20}.AppStore|ARM.ActiveCfg = Release|ARM
		{F6D788F0-47E2-45B7-9F8D-3AC36C11CA20}.AppStore|ARM.Build.0 = Release|ARM
		{F6D788F0-47E2-45B7-9F8D-3AC36C11CA20}.AppStore|ARM.Deploy.0 = Release|ARM
		{F6D788F0-47E2-45B7-9F8D-3AC36C11CA20}.AppStore|iPhone.ActiveCfg = Release|x86
		{F6D788F0-47E2-45B7-9F8D-3AC36C11CA20}.AppStore|iPhone.Build.0 = Release|x86
		{F6D788F0-47E2-45B7-9F8D-3AC36C11CA20}.AppStore|iPhone.Deploy.0 = Release|x86
		{F6D788F0-47E2-45B7-9F8D-3AC36C11CA20}.AppStore|iPhoneSimulator.ActiveCfg = Release|x86
		{F6D788F0-47E2-45B7-9F8D-3AC36C11CA20}.AppStore|iPhoneSimulator.Build.0 = Release|x86
		{F6D788F0-47E2-45B7-9F8D-3AC36C11CA20}.AppStore|iPhoneSimulator.Deploy.0 = Release|x86
		{F6D788F0-47E2-45B7-9F8D-3AC36C11CA20}.AppStore|x64.ActiveCfg = Release|x64
		{F6D788F0-47E2-45B7-9F8D-3AC36C11CA20}.AppStore|x64.Build.0 = Release|x64
		{F6D788F0-47E2-45B7-9F8D-3AC36C11CA20}.AppStore|x64.Deploy.0 = Release|x64
		{F6D788F0-47E2-45B7-9F8D-3AC36C11CA20}.AppStore|x86.ActiveCfg = Release|x86
		{F6D788F0-47E2-45B7-9F8D-3AC36C11CA20}.AppStore|x86.Build.0 = Release|x86
		{F6D788F0-47E2-45B7-9F8D-3AC36C11CA20}.AppStore|x86.Deploy.0 = Release|x86
		{F6D788F0-47E2-45B7-9F8D-3AC36C11CA20}.Debug|Any CPU.ActiveCfg = Debug|x86
		{F6D788F0-47E2-45B7-9F8D-3AC36C11CA20}.Debug|ARM.ActiveCfg = Debug|ARM
		{F6D788F0-47E2-45B7-9F8D-3AC36C11CA20}.Debug|ARM.Build.0 = Debug|ARM
		{F6D788F0-47E2-45B7-9F8D-3AC36C11CA20}.Debug|ARM.Deploy.0 = Debug|ARM
		{F6D788F0-47E2-45B7-9F8D-3AC36C11CA20}.Debug|iPhone.ActiveCfg = Debug|x86
		{F6D788F0-47E2-45B7-9F8D-3AC36C11CA20}.Debug|iPhoneSimulator.ActiveCfg = Debug|x86
		{F6D788F0-47E2-45B7-9F8D-3AC36C11CA20}.Debug|x64.ActiveCfg = Debug|x64
		{F6D788F0-47E2-45B7-9F8D-3AC36C11CA20}.Debug|x64.Build.0 = Debug|x64
		{F6D788F0-47E2-45B7-9F8D-3AC36C11CA20}.Debug|x64.Deploy.0 = Debug|x64
		{F6D788F0-47E2-45B7-9F8D-3AC36C11CA20}.Debug|x86.ActiveCfg = Debug|x86
		{F6D788F0-47E2-45B7-9F8D-3AC36C11CA20}.Debug|x86.Build.0 = Debug|x86
		{F6D788F0-47E2-45B7-9F8D-3AC36C11CA20}.Debug|x86.Deploy.0 = Debug|x86
		{F6D788F0-47E2-45B7-9F8D-3AC36C11CA20}.Release|Any CPU.ActiveCfg = Release|x86
		{F6D788F0-47E2-45B7-9F8D-3AC36C11CA20}.Release|ARM.ActiveCfg = Release|ARM
		{F6D788F0-47E2-45B7-9F8D-3AC36C11CA20}.Release|ARM.Build.0 = Release|ARM
		{F6D788F0-47E2-45B7-9F8D-3AC36C11CA20}.Release|ARM.Deploy.0 = Release|ARM
		{F6D788F0-47E2-45B7-9F8D-3AC36C11CA20}.Release|iPhone.ActiveCfg = Release|x86
		{F6D788F0-47E2-45B7-9F8D-3AC36C11CA20}.Release|iPhoneSimulator.ActiveCfg = Release|x86
		{F6D788F0-47E2-45B7-9F8D-3AC36C11CA20}.Release|x64.ActiveCfg = Release|x64
		{F6D788F0-47E2-45B7-9F8D-3AC36C11CA20}.Release|x64.Build.0 = Release|x64
		{F6D788F0-47E2-45B7-9F8D-3AC36C11CA20}.Release|x64.Deploy.0 = Release|x64
		{F6D788F0-47E2-45B7-9F8D-3AC36C11CA20}.Release|x86.ActiveCfg = Release|x86
		{F6D788F0-47E2-45B7-9F8D-3AC36C11CA20}.Release|x86.Build.0 = Release|x86
		{F6D788F0-47E2-45B7-9F8D-3AC36C11CA20}.Release|x86.Deploy.0 = Release|x86
		{A6D8871F-D5DE-4F41-9735-9EAA2A3E4286}.Ad-Hoc|Any CPU.ActiveCfg = Debug|Any CPU
		{A6D8871F-D5DE-4F41-9735-9EAA2A3E4286}.Ad-Hoc|Any CPU.Build.0 = Debug|Any CPU
		{A6D8871F-D5DE-4F41-9735-9EAA2A3E4286}.Ad-Hoc|ARM.ActiveCfg = Debug|Any CPU
		{A6D8871F-D5DE-4F41-9735-9EAA2A3E4286}.Ad-Hoc|ARM.Build.0 = Debug|Any CPU
		{A6D8871F-D5DE-4F41-9735-9EAA2A3E4286}.Ad-Hoc|iPhone.ActiveCfg = Debug|Any CPU
		{A6D8871F-D5DE-4F41-9735-9EAA2A3E4286}.Ad-Hoc|iPhone.Build.0 = Debug|Any CPU
		{A6D8871F-D5DE-4F41-9735-9EAA2A3E4286}.Ad-Hoc|iPhoneSimulator.ActiveCfg = Debug|Any CPU
		{A6D8871F-D5DE-4F41-9735-9EAA2A3E4286}.Ad-Hoc|iPhoneSimulator.Build.0 = Debug|Any CPU
		{A6D8871F-D5DE-4F41-9735-9EAA2A3E4286}.Ad-Hoc|x64.ActiveCfg = Debug|Any CPU
		{A6D8871F-D5DE-4F41-9735-9EAA2A3E4286}.Ad-Hoc|x64.Build.0 = Debug|Any CPU
		{A6D8871F-D5DE-4F41-9735-9EAA2A3E4286}.Ad-Hoc|x86.ActiveCfg = Debug|Any CPU
		{A6D8871F-D5DE-4F41-9735-9EAA2A3E4286}.Ad-Hoc|x86.Build.0 = Debug|Any CPU
		{A6D8871F-D5DE-4F41-9735-9EAA2A3E4286}.AppStore|Any CPU.ActiveCfg = Debug|Any CPU
		{A6D8871F-D5DE-4F41-9735-9EAA2A3E4286}.AppStore|Any CPU.Build.0 = Debug|Any CPU
		{A6D8871F-D5DE-4F41-9735-9EAA2A3E4286}.AppStore|ARM.ActiveCfg = Debug|Any CPU
		{A6D8871F-D5DE-4F41-9735-9EAA2A3E4286}.AppStore|ARM.Build.0 = Debug|Any CPU
		{A6D8871F-D5DE-4F41-9735-9EAA2A3E4286}.AppStore|iPhone.ActiveCfg = Debug|Any CPU
		{A6D8871F-D5DE-4F41-9735-9EAA2A3E4286}.AppStore|iPhone.Build.0 = Debug|Any CPU
		{A6D8871F-D5DE-4F41-9735-9EAA2A3E4286}.AppStore|iPhoneSimulator.ActiveCfg = Debug|Any CPU
		{A6D8871F-D5DE-4F41-9735-9EAA2A3E4286}.AppStore|iPhoneSimulator.Build.0 = Debug|Any CPU
		{A6D8871F-D5DE-4F41-9735-9EAA2A3E4286}.AppStore|x64.ActiveCfg = Debug|Any CPU
		{A6D8871F-D5DE-4F41-9735-9EAA2A3E4286}.AppStore|x64.Build.0 = Debug|Any CPU
		{A6D8871F-D5DE-4F41-9735-9EAA2A3E4286}.AppStore|x86.ActiveCfg = Debug|Any CPU
		{A6D8871F-D5DE-4F41-9735-9EAA2A3E4286}.AppStore|x86.Build.0 = Debug|Any CPU
		{A6D8871F-D5DE-4F41-9735-9EAA2A3E4286}.Debug|Any CPU.ActiveCfg = Debug|Any CPU
		{A6D8871F-D5DE-4F41-9735-9EAA2A3E4286}.Debug|Any CPU.Build.0 = Debug|Any CPU
		{A6D8871F-D5DE-4F41-9735-9EAA2A3E4286}.Debug|ARM.ActiveCfg = Debug|Any CPU
		{A6D8871F-D5DE-4F41-9735-9EAA2A3E4286}.Debug|ARM.Build.0 = Debug|Any CPU
		{A6D8871F-D5DE-4F41-9735-9EAA2A3E4286}.Debug|iPhone.ActiveCfg = Debug|Any CPU
		{A6D8871F-D5DE-4F41-9735-9EAA2A3E4286}.Debug|iPhone.Build.0 = Debug|Any CPU
		{A6D8871F-D5DE-4F41-9735-9EAA2A3E4286}.Debug|iPhoneSimulator.ActiveCfg = Debug|Any CPU
		{A6D8871F-D5DE-4F41-9735-9EAA2A3E4286}.Debug|iPhoneSimulator.Build.0 = Debug|Any CPU
		{A6D8871F-D5DE-4F41-9735-9EAA2A3E4286}.Debug|x64.ActiveCfg = Debug|Any CPU
		{A6D8871F-D5DE-4F41-9735-9EAA2A3E4286}.Debug|x64.Build.0 = Debug|Any CPU
		{A6D8871F-D5DE-4F41-9735-9EAA2A3E4286}.Debug|x86.ActiveCfg = Debug|Any CPU
		{A6D8871F-D5DE-4F41-9735-9EAA2A3E4286}.Debug|x86.Build.0 = Debug|Any CPU
		{A6D8871F-D5DE-4F41-9735-9EAA2A3E4286}.Release|Any CPU.ActiveCfg = Release|Any CPU
		{A6D8871F-D5DE-4F41-9735-9EAA2A3E4286}.Release|Any CPU.Build.0 = Release|Any CPU
		{A6D8871F-D5DE-4F41-9735-9EAA2A3E4286}.Release|ARM.ActiveCfg = Release|Any CPU
		{A6D8871F-D5DE-4F41-9735-9EAA2A3E4286}.Release|ARM.Build.0 = Release|Any CPU
		{A6D8871F-D5DE-4F41-9735-9EAA2A3E4286}.Release|iPhone.ActiveCfg = Release|Any CPU
		{A6D8871F-D5DE-4F41-9735-9EAA2A3E4286}.Release|iPhone.Build.0 = Release|Any CPU
		{A6D8871F-D5DE-4F41-9735-9EAA2A3E4286}.Release|iPhoneSimulator.ActiveCfg = Release|Any CPU
		{A6D8871F-D5DE-4F41-9735-9EAA2A3E4286}.Release|iPhoneSimulator.Build.0 = Release|Any CPU
		{A6D8871F-D5DE-4F41-9735-9EAA2A3E4286}.Release|x64.ActiveCfg = Release|Any CPU
		{A6D8871F-D5DE-4F41-9735-9EAA2A3E4286}.Release|x64.Build.0 = Release|Any CPU
		{A6D8871F-D5DE-4F41-9735-9EAA2A3E4286}.Release|x86.ActiveCfg = Release|Any CPU
		{A6D8871F-D5DE-4F41-9735-9EAA2A3E4286}.Release|x86.Build.0 = Release|Any CPU
	EndGlobalSection
	GlobalSection(SolutionProperties) = preSolution
		HideSolutionNode = FALSE
	EndGlobalSection
	GlobalSection(ExtensibilityGlobals) = postSolution
		SolutionGuid = {953529C0-F9FC-4EDD-9554-CD8CB0584DEB}
	EndGlobalSection
EndGlobal
